
Microsoft Visual Studio Solution File, Format Version 12.00
# Visual Studio Version 17
VisualStudioVersion = 17.5.33502.453
MinimumVisualStudioVersion = 10.0.40219.1
Project("{FAE04EC0-301F-11D3-BF4B-00C04F79EFBC}") = "ExerciseDictionary", "ExerciseDictionary\ExerciseDictionary.csproj", "{BD3995E9-08E7-41A4-92BE-488ECFE04524}"
EndProject
Global
	GlobalSection(SolutionConfigurationPlatforms) = preSolution
		Debug|Any CPU = Debug|Any CPU
		Release|Any CPU = Release|Any CPU
	EndGlobalSection
	GlobalSection(ProjectConfigurationPlatforms) = postSolution
		{BD3995E9-08E7-41A4-92BE-488ECFE04524}.Debug|Any CPU.ActiveCfg = Debug|Any CPU
		{BD3995E9-08E7-41A4-92BE-488ECFE04524}.Debug|Any CPU.Build.0 = Debug|Any CPU
		{BD3995E9-08E7-41A4-92BE-488ECFE04524}.Release|Any CPU.ActiveCfg = Release|Any CPU
		{BD3995E9-08E7-41A4-92BE-488ECFE04524}.Release|Any CPU.Build.0 = Release|Any CPU
	EndGlobalSection
	GlobalSection(SolutionProperties) = preSolution
		HideSolutionNode = FALSE
	EndGlobalSection
	GlobalSection(ExtensibilityGlobals) = postSolution
		SolutionGuid = {CBE1F0CF-FA1F-470D-9517-E20C74EE0BFB}
	EndGlobalSection
EndGlobal
