
Microsoft Visual Studio Solution File, Format Version 12.00
# Visual Studio Version 17
VisualStudioVersion = 17.5.33502.453
MinimumVisualStudioVersion = 10.0.40219.1
Project("{FAE04EC0-301F-11D3-BF4B-00C04F79EFBC}") = "ExerciseGetHashCodeEquals", "ExerciseGetHashCodeEquals\ExerciseGetHashCodeEquals.csproj", "{2F74AB59-3D3E-41DD-92C8-FA4B0E3FC9DB}"
EndProject
Global
	GlobalSection(SolutionConfigurationPlatforms) = preSolution
		Debug|Any CPU = Debug|Any CPU
		Release|Any CPU = Release|Any CPU
	EndGlobalSection
	GlobalSection(ProjectConfigurationPlatforms) = postSolution
		{2F74AB59-3D3E-41DD-92C8-FA4B0E3FC9DB}.Debug|Any CPU.ActiveCfg = Debug|Any CPU
		{2F74AB59-3D3E-41DD-92C8-FA4B0E3FC9DB}.Debug|Any CPU.Build.0 = Debug|Any CPU
		{2F74AB59-3D3E-41DD-92C8-FA4B0E3FC9DB}.Release|Any CPU.ActiveCfg = Release|Any CPU
		{2F74AB59-3D3E-41DD-92C8-FA4B0E3FC9DB}.Release|Any CPU.Build.0 = Release|Any CPU
	EndGlobalSection
	GlobalSection(SolutionProperties) = preSolution
		HideSolutionNode = FALSE
	EndGlobalSection
	GlobalSection(ExtensibilityGlobals) = postSolution
		SolutionGuid = {630CF631-1EEF-49DF-90D3-042057100B33}
	EndGlobalSection
EndGlobal
